
Microsoft Visual Studio Solution File, Format Version 12.00
# Visual Studio Version 17
VisualStudioVersion = 17.3.32825.248
MinimumVisualStudioVersion = 10.0.40219.1
Project("{9A19103F-16F7-4668-BE54-9A1E7A4F7556}") = "Slink.Postgres", "source\Slink.Postgres\Slink.Postgres.csproj", "{FD9F00ED-E76E-41AA-97A6-240CD2A4298E}"
EndProject
Project("{9A19103F-16F7-4668-BE54-9A1E7A4F7556}") = "Slink", "source\Slink\Slink.csproj", "{6E22FAC6-6951-4D0C-B2A2-A37A3578D42F}"
EndProject
Project("{9A19103F-16F7-4668-BE54-9A1E7A4F7556}") = "Slink.Demonstration.Cli", "source\Slink.Cli\Slink.Demonstration.Cli.csproj", "{C4389DBF-1B77-476E-9C2F-12EA389D0E63}"
EndProject
Global
	GlobalSection(SolutionConfigurationPlatforms) = preSolution
		Debug|Any CPU = Debug|Any CPU
		Release|Any CPU = Release|Any CPU
	EndGlobalSection
	GlobalSection(ProjectConfigurationPlatforms) = postSolution
		{FD9F00ED-E76E-41AA-97A6-240CD2A4298E}.Debug|Any CPU.ActiveCfg = Debug|Any CPU
		{FD9F00ED-E76E-41AA-97A6-240CD2A4298E}.Debug|Any CPU.Build.0 = Debug|Any CPU
		{FD9F00ED-E76E-41AA-97A6-240CD2A4298E}.Release|Any CPU.ActiveCfg = Release|Any CPU
		{FD9F00ED-E76E-41AA-97A6-240CD2A4298E}.Release|Any CPU.Build.0 = Release|Any CPU
		{6E22FAC6-6951-4D0C-B2A2-A37A3578D42F}.Debug|Any CPU.ActiveCfg = Debug|Any CPU
		{6E22FAC6-6951-4D0C-B2A2-A37A3578D42F}.Debug|Any CPU.Build.0 = Debug|Any CPU
		{6E22FAC6-6951-4D0C-B2A2-A37A3578D42F}.Release|Any CPU.ActiveCfg = Release|Any CPU
		{6E22FAC6-6951-4D0C-B2A2-A37A3578D42F}.Release|Any CPU.Build.0 = Release|Any CPU
		{C4389DBF-1B77-476E-9C2F-12EA389D0E63}.Debug|Any CPU.ActiveCfg = Debug|Any CPU
		{C4389DBF-1B77-476E-9C2F-12EA389D0E63}.Debug|Any CPU.Build.0 = Debug|Any CPU
		{C4389DBF-1B77-476E-9C2F-12EA389D0E63}.Release|Any CPU.ActiveCfg = Release|Any CPU
		{C4389DBF-1B77-476E-9C2F-12EA389D0E63}.Release|Any CPU.Build.0 = Release|Any CPU
	EndGlobalSection
	GlobalSection(SolutionProperties) = preSolution
		HideSolutionNode = FALSE
	EndGlobalSection
	GlobalSection(ExtensibilityGlobals) = postSolution
		SolutionGuid = {F62DFFCC-804F-4673-A618-C8D753AE2CBF}
	EndGlobalSection
EndGlobal
