
Microsoft Visual Studio Solution File, Format Version 12.00
# Visual Studio Version 17
VisualStudioVersion = 17.3.32825.248
MinimumVisualStudioVersion = 10.0.40219.1
Project("{9A19103F-16F7-4668-BE54-9A1E7A4F7556}") = "Slink.Postgres", "source\Slink.Postgres\Slink.Postgres.csproj", "{FD9F00ED-E76E-41AA-97A6-240CD2A4298E}"
EndProject
Project("{9A19103F-16F7-4668-BE54-9A1E7A4F7556}") = "Slink", "source\Slink\Slink.csproj", "{6E22FAC6-6951-4D0C-B2A2-A37A3578D42F}"
EndProject
Project("{9A19103F-16F7-4668-BE54-9A1E7A4F7556}") = "Slink.Demonstration.Cli", "source\Slink.Cli\Slink.Demonstration.Cli.csproj", "{C4389DBF-1B77-476E-9C2F-12EA389D0E63}"
EndProject
Project("{2150E333-8FDC-42A3-9474-1A3956D46DE8}") = "helix", "helix", "{2DFCF150-91DC-44C6-BA97-06FC2E711AAF}"
EndProject
Project("{9A19103F-16F7-4668-BE54-9A1E7A4F7556}") = "Helix.Engine", "helix\Helix.Engine\Helix.Engine.csproj", "{067A8242-CB4B-4E7B-8B90-5E652C2BB909}"
EndProject
Project("{9A19103F-16F7-4668-BE54-9A1E7A4F7556}") = "Helix.Example.Persistence", "Helix\Helix.Example.Persistence\Helix.Example.Persistence.csproj", "{992DF207-F43E-4301-8D81-663ADCFD17CA}"
EndProject
Project("{9A19103F-16F7-4668-BE54-9A1E7A4F7556}") = "Helix.Common", "Helix\Helix.Common\Helix.Common.csproj", "{649CC1E2-CF71-4328-9B34-0EA1DF59875A}"
EndProject
Project("{9A19103F-16F7-4668-BE54-9A1E7A4F7556}") = "Helix.Example.Cli", "helix\Helix.Example.Cli\Helix.Example.Cli.csproj", "{6CF0D172-B096-4C4A-A525-E12B574C2212}"
EndProject
Project("{FAE04EC0-301F-11D3-BF4B-00C04F79EFBC}") = "Helix", "Helix\Helix\Helix.csproj", "{19C53505-8877-4EA0-A5FD-E0EC4F85A5B5}"
EndProject
Global
	GlobalSection(SolutionConfigurationPlatforms) = preSolution
		Debug|Any CPU = Debug|Any CPU
		Release|Any CPU = Release|Any CPU
	EndGlobalSection
	GlobalSection(ProjectConfigurationPlatforms) = postSolution
		{FD9F00ED-E76E-41AA-97A6-240CD2A4298E}.Debug|Any CPU.ActiveCfg = Debug|Any CPU
		{FD9F00ED-E76E-41AA-97A6-240CD2A4298E}.Debug|Any CPU.Build.0 = Debug|Any CPU
		{FD9F00ED-E76E-41AA-97A6-240CD2A4298E}.Release|Any CPU.ActiveCfg = Release|Any CPU
		{FD9F00ED-E76E-41AA-97A6-240CD2A4298E}.Release|Any CPU.Build.0 = Release|Any CPU
		{6E22FAC6-6951-4D0C-B2A2-A37A3578D42F}.Debug|Any CPU.ActiveCfg = Debug|Any CPU
		{6E22FAC6-6951-4D0C-B2A2-A37A3578D42F}.Debug|Any CPU.Build.0 = Debug|Any CPU
		{6E22FAC6-6951-4D0C-B2A2-A37A3578D42F}.Release|Any CPU.ActiveCfg = Release|Any CPU
		{6E22FAC6-6951-4D0C-B2A2-A37A3578D42F}.Release|Any CPU.Build.0 = Release|Any CPU
		{C4389DBF-1B77-476E-9C2F-12EA389D0E63}.Debug|Any CPU.ActiveCfg = Debug|Any CPU
		{C4389DBF-1B77-476E-9C2F-12EA389D0E63}.Debug|Any CPU.Build.0 = Debug|Any CPU
		{C4389DBF-1B77-476E-9C2F-12EA389D0E63}.Release|Any CPU.ActiveCfg = Release|Any CPU
		{C4389DBF-1B77-476E-9C2F-12EA389D0E63}.Release|Any CPU.Build.0 = Release|Any CPU
		{067A8242-CB4B-4E7B-8B90-5E652C2BB909}.Debug|Any CPU.ActiveCfg = Debug|Any CPU
		{067A8242-CB4B-4E7B-8B90-5E652C2BB909}.Debug|Any CPU.Build.0 = Debug|Any CPU
		{067A8242-CB4B-4E7B-8B90-5E652C2BB909}.Release|Any CPU.ActiveCfg = Release|Any CPU
		{067A8242-CB4B-4E7B-8B90-5E652C2BB909}.Release|Any CPU.Build.0 = Release|Any CPU
		{992DF207-F43E-4301-8D81-663ADCFD17CA}.Debug|Any CPU.ActiveCfg = Debug|Any CPU
		{992DF207-F43E-4301-8D81-663ADCFD17CA}.Debug|Any CPU.Build.0 = Debug|Any CPU
		{992DF207-F43E-4301-8D81-663ADCFD17CA}.Release|Any CPU.ActiveCfg = Release|Any CPU
		{992DF207-F43E-4301-8D81-663ADCFD17CA}.Release|Any CPU.Build.0 = Release|Any CPU
		{649CC1E2-CF71-4328-9B34-0EA1DF59875A}.Debug|Any CPU.ActiveCfg = Debug|Any CPU
		{649CC1E2-CF71-4328-9B34-0EA1DF59875A}.Debug|Any CPU.Build.0 = Debug|Any CPU
		{649CC1E2-CF71-4328-9B34-0EA1DF59875A}.Release|Any CPU.ActiveCfg = Release|Any CPU
		{649CC1E2-CF71-4328-9B34-0EA1DF59875A}.Release|Any CPU.Build.0 = Release|Any CPU
		{6CF0D172-B096-4C4A-A525-E12B574C2212}.Debug|Any CPU.ActiveCfg = Debug|Any CPU
		{6CF0D172-B096-4C4A-A525-E12B574C2212}.Debug|Any CPU.Build.0 = Debug|Any CPU
		{6CF0D172-B096-4C4A-A525-E12B574C2212}.Release|Any CPU.ActiveCfg = Release|Any CPU
		{6CF0D172-B096-4C4A-A525-E12B574C2212}.Release|Any CPU.Build.0 = Release|Any CPU
		{19C53505-8877-4EA0-A5FD-E0EC4F85A5B5}.Debug|Any CPU.ActiveCfg = Debug|Any CPU
		{19C53505-8877-4EA0-A5FD-E0EC4F85A5B5}.Debug|Any CPU.Build.0 = Debug|Any CPU
		{19C53505-8877-4EA0-A5FD-E0EC4F85A5B5}.Release|Any CPU.ActiveCfg = Release|Any CPU
		{19C53505-8877-4EA0-A5FD-E0EC4F85A5B5}.Release|Any CPU.Build.0 = Release|Any CPU
	EndGlobalSection
	GlobalSection(SolutionProperties) = preSolution
		HideSolutionNode = FALSE
	EndGlobalSection
	GlobalSection(NestedProjects) = preSolution
		{067A8242-CB4B-4E7B-8B90-5E652C2BB909} = {2DFCF150-91DC-44C6-BA97-06FC2E711AAF}
		{992DF207-F43E-4301-8D81-663ADCFD17CA} = {2DFCF150-91DC-44C6-BA97-06FC2E711AAF}
		{649CC1E2-CF71-4328-9B34-0EA1DF59875A} = {2DFCF150-91DC-44C6-BA97-06FC2E711AAF}
		{6CF0D172-B096-4C4A-A525-E12B574C2212} = {2DFCF150-91DC-44C6-BA97-06FC2E711AAF}
		{19C53505-8877-4EA0-A5FD-E0EC4F85A5B5} = {2DFCF150-91DC-44C6-BA97-06FC2E711AAF}
	EndGlobalSection
	GlobalSection(ExtensibilityGlobals) = postSolution
		SolutionGuid = {F62DFFCC-804F-4673-A618-C8D753AE2CBF}
	EndGlobalSection
EndGlobal
